
Microsoft Visual Studio Solution File, Format Version 12.00
# Visual Studio Version 16
VisualStudioVersion = 16.0.31515.178
MinimumVisualStudioVersion = 10.0.40219.1
Project("{FAE04EC0-301F-11D3-BF4B-00C04F79EFBC}") = "ConsoleAppEx1", "ConsoleAppEx1\ConsoleAppEx1.csproj", "{333F24EB-CEF8-444E-B404-0FEED6516CAC}"
EndProject
Global
	GlobalSection(SolutionConfigurationPlatforms) = preSolution
		Debug|Any CPU = Debug|Any CPU
		Release|Any CPU = Release|Any CPU
	EndGlobalSection
	GlobalSection(ProjectConfigurationPlatforms) = postSolution
		{333F24EB-CEF8-444E-B404-0FEED6516CAC}.Debug|Any CPU.ActiveCfg = Debug|Any CPU
		{333F24EB-CEF8-444E-B404-0FEED6516CAC}.Debug|Any CPU.Build.0 = Debug|Any CPU
		{333F24EB-CEF8-444E-B404-0FEED6516CAC}.Release|Any CPU.ActiveCfg = Release|Any CPU
		{333F24EB-CEF8-444E-B404-0FEED6516CAC}.Release|Any CPU.Build.0 = Release|Any CPU
	EndGlobalSection
	GlobalSection(SolutionProperties) = preSolution
		HideSolutionNode = FALSE
	EndGlobalSection
	GlobalSection(ExtensibilityGlobals) = postSolution
		SolutionGuid = {B99E7830-C78A-46B6-B4CA-728B9B88B934}
	EndGlobalSection
EndGlobal
